// !$*UTF8*$!
{
	archiveVersion = 1;
	classes = {
	};
	objectVersion = 56;
	objects = {

/* Begin PBXBuildFile section */
		5316BB8C299AABB200D666BB /* ViewControllerB.swift in Sources */ = {isa = PBXBuildFile; fileRef = 5316BB8B299AABB200D666BB /* ViewControllerB.swift */; };
		5316BB8E299B5B4B00D666BB /* AILogic.swift in Sources */ = {isa = PBXBuildFile; fileRef = 5316BB8D299B5B4B00D666BB /* AILogic.swift */; };
		532CCFE8299D5CBD001C827B /* StartPage.swift in Sources */ = {isa = PBXBuildFile; fileRef = 532CCFE6299D5CBD001C827B /* StartPage.swift */; };
		534B9CA1299A652200015E08 /* 鸿雷板书简体.ttf in Resources */ = {isa = PBXBuildFile; fileRef = 534B9CA0299A640E00015E08 /* 鸿雷板书简体.ttf */; };
		534B9CA2299A652600015E08 /* XingShu.ttf in Resources */ = {isa = PBXBuildFile; fileRef = 534B9C9F299A607D00015E08 /* XingShu.ttf */; };
		535B3DB62992708000FF0245 /* blackChess.usdz in Resources */ = {isa = PBXBuildFile; fileRef = 535B3DB52992708000FF0245 /* blackChess.usdz */; };
		535B3DB82992708600FF0245 /* whiteChess.usdz in Resources */ = {isa = PBXBuildFile; fileRef = 535B3DB72992708600FF0245 /* whiteChess.usdz */; };
		535B3DBA299279FA00FF0245 /* chessBoard.usdz in Resources */ = {isa = PBXBuildFile; fileRef = 535B3DB9299279FA00FF0245 /* chessBoard.usdz */; };
		535B3DBC2992818300FF0245 /* GameLogic.swift in Sources */ = {isa = PBXBuildFile; fileRef = 535B3DBB2992818300FF0245 /* GameLogic.swift */; };
		53B17B752982F40F00D8D14D /* ViewController.swift in Sources */ = {isa = PBXBuildFile; fileRef = 53E7155C28DC6B2B001921D5 /* ViewController.swift */; };
		53B5CCA928E5B43F006A4D5E /* Utilities.swift in Sources */ = {isa = PBXBuildFile; fileRef = 53B5CCA828E5B43F006A4D5E /* Utilities.swift */; };
		53C5EC4F28EF290100DAFF45 /* worldmap.jpg in Resources */ = {isa = PBXBuildFile; fileRef = 53C5EC4E28EF290000DAFF45 /* worldmap.jpg */; };
		53D3338A28F6822500DC24B9 /* ViewController+CoachingOverlay.swift in Sources */ = {isa = PBXBuildFile; fileRef = 53D3338928F6822500DC24B9 /* ViewController+CoachingOverlay.swift */; };
		53E7155928DC6B2B001921D5 /* AppDelegate.swift in Sources */ = {isa = PBXBuildFile; fileRef = 53E7155828DC6B2B001921D5 /* AppDelegate.swift */; };
		53E7155B28DC6B2B001921D5 /* SceneDelegate.swift in Sources */ = {isa = PBXBuildFile; fileRef = 53E7155A28DC6B2B001921D5 /* SceneDelegate.swift */; };
		53E7155D28DC6B2B001921D5 /* ViewController.swift in Sources */ = {isa = PBXBuildFile; fileRef = 53E7155C28DC6B2B001921D5 /* ViewController.swift */; };
		53E7156228DC6B2C001921D5 /* Assets.xcassets in Resources */ = {isa = PBXBuildFile; fileRef = 53E7156128DC6B2C001921D5 /* Assets.xcassets */; };
		53E7156528DC6B2C001921D5 /* LaunchScreen.storyboard in Resources */ = {isa = PBXBuildFile; fileRef = 53E7156328DC6B2C001921D5 /* LaunchScreen.storyboard */; };
		53E7157028DC6B2C001921D5 /* artestTests.swift in Sources */ = {isa = PBXBuildFile; fileRef = 53E7156F28DC6B2C001921D5 /* artestTests.swift */; };
		53E7157A28DC6B2C001921D5 /* artestUITests.swift in Sources */ = {isa = PBXBuildFile; fileRef = 53E7157928DC6B2C001921D5 /* artestUITests.swift */; };
		53E7157C28DC6B2C001921D5 /* artestUITestsLaunchTests.swift in Sources */ = {isa = PBXBuildFile; fileRef = 53E7157B28DC6B2C001921D5 /* artestUITestsLaunchTests.swift */; };
		53E7158928DC7AE9001921D5 /* MPCSession.swift in Sources */ = {isa = PBXBuildFile; fileRef = 53E7158828DC7AE9001921D5 /* MPCSession.swift */; };
		53F4E0AE299100D3006E7F6A /* Main.storyboard in Resources */ = {isa = PBXBuildFile; fileRef = 53F4E0AD299100D3006E7F6A /* Main.storyboard */; };
		53F71CEE28E31A3D0074DF5B /* MathUtilities.swift in Sources */ = {isa = PBXBuildFile; fileRef = 53F71CED28E31A3D0074DF5B /* MathUtilities.swift */; };
/* End PBXBuildFile section */

/* Begin PBXContainerItemProxy section */
		53E7156C28DC6B2C001921D5 /* PBXContainerItemProxy */ = {
			isa = PBXContainerItemProxy;
			containerPortal = 53E7154D28DC6B2B001921D5 /* Project object */;
			proxyType = 1;
			remoteGlobalIDString = 53E7155428DC6B2B001921D5;
			remoteInfo = artest;
		};
		53E7157628DC6B2C001921D5 /* PBXContainerItemProxy */ = {
			isa = PBXContainerItemProxy;
			containerPortal = 53E7154D28DC6B2B001921D5 /* Project object */;
			proxyType = 1;
			remoteGlobalIDString = 53E7155428DC6B2B001921D5;
			remoteInfo = artest;
		};
/* End PBXContainerItemProxy section */

/* Begin PBXFileReference section */
		5316BB8B299AABB200D666BB /* ViewControllerB.swift */ = {isa = PBXFileReference; lastKnownFileType = sourcecode.swift; path = ViewControllerB.swift; sourceTree = "<group>"; };
		5316BB8D299B5B4B00D666BB /* AILogic.swift */ = {isa = PBXFileReference; lastKnownFileType = sourcecode.swift; path = AILogic.swift; sourceTree = "<group>"; };
		532CCFE6299D5CBD001C827B /* StartPage.swift */ = {isa = PBXFileReference; lastKnownFileType = sourcecode.swift; path = StartPage.swift; sourceTree = "<group>"; };
		534B9C9F299A607D00015E08 /* XingShu.ttf */ = {isa = PBXFileReference; lastKnownFileType = file; path = XingShu.ttf; sourceTree = "<group>"; };
		534B9CA0299A640E00015E08 /* 鸿雷板书简体.ttf */ = {isa = PBXFileReference; lastKnownFileType = file; path = "鸿雷板书简体.ttf"; sourceTree = "<group>"; };
		535B3DB52992708000FF0245 /* blackChess.usdz */ = {isa = PBXFileReference; lastKnownFileType = file.usdz; path = blackChess.usdz; sourceTree = "<group>"; };
		535B3DB72992708600FF0245 /* whiteChess.usdz */ = {isa = PBXFileReference; lastKnownFileType = file.usdz; path = whiteChess.usdz; sourceTree = "<group>"; };
		535B3DB9299279FA00FF0245 /* chessBoard.usdz */ = {isa = PBXFileReference; lastKnownFileType = file.usdz; path = chessBoard.usdz; sourceTree = "<group>"; };
		535B3DBB2992818300FF0245 /* GameLogic.swift */ = {isa = PBXFileReference; lastKnownFileType = sourcecode.swift; path = GameLogic.swift; sourceTree = "<group>"; };
		53B5CCA828E5B43F006A4D5E /* Utilities.swift */ = {isa = PBXFileReference; lastKnownFileType = sourcecode.swift; path = Utilities.swift; sourceTree = "<group>"; };
		53C5EC4E28EF290000DAFF45 /* worldmap.jpg */ = {isa = PBXFileReference; lastKnownFileType = image.jpeg; path = worldmap.jpg; sourceTree = "<group>"; };
		53D3338928F6822500DC24B9 /* ViewController+CoachingOverlay.swift */ = {isa = PBXFileReference; lastKnownFileType = sourcecode.swift; path = "ViewController+CoachingOverlay.swift"; sourceTree = "<group>"; };
		53E7155528DC6B2B001921D5 /* ARGomoku.app */ = {isa = PBXFileReference; explicitFileType = wrapper.application; includeInIndex = 0; path = ARGomoku.app; sourceTree = BUILT_PRODUCTS_DIR; };
		53E7155828DC6B2B001921D5 /* AppDelegate.swift */ = {isa = PBXFileReference; lastKnownFileType = sourcecode.swift; path = AppDelegate.swift; sourceTree = "<group>"; };
		53E7155A28DC6B2B001921D5 /* SceneDelegate.swift */ = {isa = PBXFileReference; lastKnownFileType = sourcecode.swift; path = SceneDelegate.swift; sourceTree = "<group>"; };
		53E7155C28DC6B2B001921D5 /* ViewController.swift */ = {isa = PBXFileReference; lastKnownFileType = sourcecode.swift; path = ViewController.swift; sourceTree = "<group>"; };
		53E7156128DC6B2C001921D5 /* Assets.xcassets */ = {isa = PBXFileReference; lastKnownFileType = folder.assetcatalog; path = Assets.xcassets; sourceTree = "<group>"; };
		53E7156428DC6B2C001921D5 /* Base */ = {isa = PBXFileReference; lastKnownFileType = file.storyboard; name = Base; path = Base.lproj/LaunchScreen.storyboard; sourceTree = "<group>"; };
		53E7156628DC6B2C001921D5 /* Info.plist */ = {isa = PBXFileReference; lastKnownFileType = text.plist.xml; path = Info.plist; sourceTree = "<group>"; };
		53E7156B28DC6B2C001921D5 /* ARGomokuTests.xctest */ = {isa = PBXFileReference; explicitFileType = wrapper.cfbundle; includeInIndex = 0; path = ARGomokuTests.xctest; sourceTree = BUILT_PRODUCTS_DIR; };
		53E7156F28DC6B2C001921D5 /* artestTests.swift */ = {isa = PBXFileReference; lastKnownFileType = sourcecode.swift; path = artestTests.swift; sourceTree = "<group>"; };
		53E7157528DC6B2C001921D5 /* ARGomokuUITests.xctest */ = {isa = PBXFileReference; explicitFileType = wrapper.cfbundle; includeInIndex = 0; path = ARGomokuUITests.xctest; sourceTree = BUILT_PRODUCTS_DIR; };
		53E7157928DC6B2C001921D5 /* artestUITests.swift */ = {isa = PBXFileReference; lastKnownFileType = sourcecode.swift; path = artestUITests.swift; sourceTree = "<group>"; };
		53E7157B28DC6B2C001921D5 /* artestUITestsLaunchTests.swift */ = {isa = PBXFileReference; lastKnownFileType = sourcecode.swift; path = artestUITestsLaunchTests.swift; sourceTree = "<group>"; };
		53E7158828DC7AE9001921D5 /* MPCSession.swift */ = {isa = PBXFileReference; lastKnownFileType = sourcecode.swift; path = MPCSession.swift; sourceTree = "<group>"; };
		53F4E0AD299100D3006E7F6A /* Main.storyboard */ = {isa = PBXFileReference; fileEncoding = 4; lastKnownFileType = file.storyboard; path = Main.storyboard; sourceTree = "<group>"; };
		53F71CED28E31A3D0074DF5B /* MathUtilities.swift */ = {isa = PBXFileReference; lastKnownFileType = sourcecode.swift; path = MathUtilities.swift; sourceTree = "<group>"; };
/* End PBXFileReference section */

/* Begin PBXFrameworksBuildPhase section */
		53E7155228DC6B2B001921D5 /* Frameworks */ = {
			isa = PBXFrameworksBuildPhase;
			buildActionMask = 2147483647;
			files = (
			);
			runOnlyForDeploymentPostprocessing = 0;
		};
		53E7156828DC6B2C001921D5 /* Frameworks */ = {
			isa = PBXFrameworksBuildPhase;
			buildActionMask = 2147483647;
			files = (
			);
			runOnlyForDeploymentPostprocessing = 0;
		};
		53E7157228DC6B2C001921D5 /* Frameworks */ = {
			isa = PBXFrameworksBuildPhase;
			buildActionMask = 2147483647;
			files = (
			);
			runOnlyForDeploymentPostprocessing = 0;
		};
/* End PBXFrameworksBuildPhase section */

/* Begin PBXGroup section */
		53143033296B1C7900734825 /* Views */ = {
			isa = PBXGroup;
			children = (
				5316BB8B299AABB200D666BB /* ViewControllerB.swift */,
				53E7155C28DC6B2B001921D5 /* ViewController.swift */,
				53D3338928F6822500DC24B9 /* ViewController+CoachingOverlay.swift */,
				532CCFE6299D5CBD001C827B /* StartPage.swift */,
			);
			path = Views;
			sourceTree = "<group>";
		};
		53143034296B1C9300734825 /* Utilities */ = {
			isa = PBXGroup;
			children = (
				53F71CED28E31A3D0074DF5B /* MathUtilities.swift */,
				53B5CCA828E5B43F006A4D5E /* Utilities.swift */,
			);
			path = Utilities;
			sourceTree = "<group>";
		};
		53143035296B1CAB00734825 /* Delegate */ = {
			isa = PBXGroup;
			children = (
				53E7158828DC7AE9001921D5 /* MPCSession.swift */,
				53E7155828DC6B2B001921D5 /* AppDelegate.swift */,
				53E7155A28DC6B2B001921D5 /* SceneDelegate.swift */,
			);
			path = Delegate;
			sourceTree = "<group>";
		};
		5316BB8F299B5B5000D666BB /* Logic */ = {
			isa = PBXGroup;
			children = (
				535B3DBB2992818300FF0245 /* GameLogic.swift */,
				5316BB8D299B5B4B00D666BB /* AILogic.swift */,
			);
			path = Logic;
			sourceTree = "<group>";
		};
		534B9C9E299A606D00015E08 /* resources */ = {
			isa = PBXGroup;
			children = (
				534B9CA0299A640E00015E08 /* 鸿雷板书简体.ttf */,
				534B9C9F299A607D00015E08 /* XingShu.ttf */,
			);
			path = resources;
			sourceTree = "<group>";
		};
		53E7154C28DC6B2B001921D5 = {
			isa = PBXGroup;
			children = (
				53E7155728DC6B2B001921D5 /* artest */,
				53E7156E28DC6B2C001921D5 /* artestTests */,
				53E7157828DC6B2C001921D5 /* artestUITests */,
				53E7155628DC6B2B001921D5 /* Products */,
			);
			sourceTree = "<group>";
		};
		53E7155628DC6B2B001921D5 /* Products */ = {
			isa = PBXGroup;
			children = (
				53E7155528DC6B2B001921D5 /* ARGomoku.app */,
				53E7156B28DC6B2C001921D5 /* ARGomokuTests.xctest */,
				53E7157528DC6B2C001921D5 /* ARGomokuUITests.xctest */,
			);
			name = Products;
			sourceTree = "<group>";
		};
		53E7155728DC6B2B001921D5 /* artest */ = {
			isa = PBXGroup;
			children = (
				53143033296B1C7900734825 /* Views */,
				53143035296B1CAB00734825 /* Delegate */,
				5316BB8F299B5B5000D666BB /* Logic */,
				534B9C9E299A606D00015E08 /* resources */,
				53C5EC4E28EF290000DAFF45 /* worldmap.jpg */,
				53143034296B1C9300734825 /* Utilities */,
				53E7156128DC6B2C001921D5 /* Assets.xcassets */,
				53F4E0AD299100D3006E7F6A /* Main.storyboard */,
				53E7156328DC6B2C001921D5 /* LaunchScreen.storyboard */,
				53E7156628DC6B2C001921D5 /* Info.plist */,
				535B3DB9299279FA00FF0245 /* chessBoard.usdz */,
				535B3DB52992708000FF0245 /* blackChess.usdz */,
				535B3DB72992708600FF0245 /* whiteChess.usdz */,
			);
			path = artest;
			sourceTree = "<group>";
		};
		53E7156E28DC6B2C001921D5 /* artestTests */ = {
			isa = PBXGroup;
			children = (
				53E7156F28DC6B2C001921D5 /* artestTests.swift */,
			);
			path = artestTests;
			sourceTree = "<group>";
		};
		53E7157828DC6B2C001921D5 /* artestUITests */ = {
			isa = PBXGroup;
			children = (
				53E7157928DC6B2C001921D5 /* artestUITests.swift */,
				53E7157B28DC6B2C001921D5 /* artestUITestsLaunchTests.swift */,
			);
			path = artestUITests;
			sourceTree = "<group>";
		};
/* End PBXGroup section */

/* Begin PBXNativeTarget section */
		53E7155428DC6B2B001921D5 /* ARGomoku */ = {
			isa = PBXNativeTarget;
			buildConfigurationList = 53E7157F28DC6B2C001921D5 /* Build configuration list for PBXNativeTarget "ARGomoku" */;
			buildPhases = (
				53E7155128DC6B2B001921D5 /* Sources */,
				53E7155228DC6B2B001921D5 /* Frameworks */,
				53E7155328DC6B2B001921D5 /* Resources */,
			);
			buildRules = (
			);
			dependencies = (
			);
			name = ARGomoku;
			productName = artest;
			productReference = 53E7155528DC6B2B001921D5 /* ARGomoku.app */;
			productType = "com.apple.product-type.application";
		};
		53E7156A28DC6B2C001921D5 /* ARGomokuTests */ = {
			isa = PBXNativeTarget;
			buildConfigurationList = 53E7158228DC6B2C001921D5 /* Build configuration list for PBXNativeTarget "ARGomokuTests" */;
			buildPhases = (
				53E7156728DC6B2C001921D5 /* Sources */,
				53E7156828DC6B2C001921D5 /* Frameworks */,
				53E7156928DC6B2C001921D5 /* Resources */,
			);
			buildRules = (
			);
			dependencies = (
				53E7156D28DC6B2C001921D5 /* PBXTargetDependency */,
			);
			name = ARGomokuTests;
			productName = artestTests;
			productReference = 53E7156B28DC6B2C001921D5 /* ARGomokuTests.xctest */;
			productType = "com.apple.product-type.bundle.unit-test";
		};
		53E7157428DC6B2C001921D5 /* ARGomokuUITests */ = {
			isa = PBXNativeTarget;
			buildConfigurationList = 53E7158528DC6B2C001921D5 /* Build configuration list for PBXNativeTarget "ARGomokuUITests" */;
			buildPhases = (
				53E7157128DC6B2C001921D5 /* Sources */,
				53E7157228DC6B2C001921D5 /* Frameworks */,
				53E7157328DC6B2C001921D5 /* Resources */,
			);
			buildRules = (
			);
			dependencies = (
				53E7157728DC6B2C001921D5 /* PBXTargetDependency */,
			);
			name = ARGomokuUITests;
			productName = artestUITests;
			productReference = 53E7157528DC6B2C001921D5 /* ARGomokuUITests.xctest */;
			productType = "com.apple.product-type.bundle.ui-testing";
		};
/* End PBXNativeTarget section */

/* Begin PBXProject section */
		53E7154D28DC6B2B001921D5 /* Project object */ = {
			isa = PBXProject;
			attributes = {
				BuildIndependentTargetsInParallel = 1;
				LastSwiftUpdateCheck = 1400;
				LastUpgradeCheck = 1400;
				TargetAttributes = {
					53E7155428DC6B2B001921D5 = {
						CreatedOnToolsVersion = 14.0;
						LastSwiftMigration = 1420;
					};
					53E7156A28DC6B2C001921D5 = {
						CreatedOnToolsVersion = 14.0;
						TestTargetID = 53E7155428DC6B2B001921D5;
					};
					53E7157428DC6B2C001921D5 = {
						CreatedOnToolsVersion = 14.0;
						TestTargetID = 53E7155428DC6B2B001921D5;
					};
				};
			};
			buildConfigurationList = 53E7155028DC6B2B001921D5 /* Build configuration list for PBXProject "ARGomoku" */;
			compatibilityVersion = "Xcode 14.0";
			developmentRegion = en;
			hasScannedForEncodings = 0;
			knownRegions = (
				en,
				Base,
			);
			mainGroup = 53E7154C28DC6B2B001921D5;
			productRefGroup = 53E7155628DC6B2B001921D5 /* Products */;
			projectDirPath = "";
			projectRoot = "";
			targets = (
				53E7155428DC6B2B001921D5 /* ARGomoku */,
				53E7156A28DC6B2C001921D5 /* ARGomokuTests */,
				53E7157428DC6B2C001921D5 /* ARGomokuUITests */,
			);
		};
/* End PBXProject section */

/* Begin PBXResourcesBuildPhase section */
		53E7155328DC6B2B001921D5 /* Resources */ = {
			isa = PBXResourcesBuildPhase;
			buildActionMask = 2147483647;
			files = (
				535B3DBA299279FA00FF0245 /* chessBoard.usdz in Resources */,
				535B3DB82992708600FF0245 /* whiteChess.usdz in Resources */,
				53E7156528DC6B2C001921D5 /* LaunchScreen.storyboard in Resources */,
				534B9CA2299A652600015E08 /* XingShu.ttf in Resources */,
				53C5EC4F28EF290100DAFF45 /* worldmap.jpg in Resources */,
				534B9CA1299A652200015E08 /* 鸿雷板书简体.ttf in Resources */,
				53E7156228DC6B2C001921D5 /* Assets.xcassets in Resources */,
				53F4E0AE299100D3006E7F6A /* Main.storyboard in Resources */,
				535B3DB62992708000FF0245 /* blackChess.usdz in Resources */,
			);
			runOnlyForDeploymentPostprocessing = 0;
		};
		53E7156928DC6B2C001921D5 /* Resources */ = {
			isa = PBXResourcesBuildPhase;
			buildActionMask = 2147483647;
			files = (
			);
			runOnlyForDeploymentPostprocessing = 0;
		};
		53E7157328DC6B2C001921D5 /* Resources */ = {
			isa = PBXResourcesBuildPhase;
			buildActionMask = 2147483647;
			files = (
			);
			runOnlyForDeploymentPostprocessing = 0;
		};
/* End PBXResourcesBuildPhase section */

/* Begin PBXSourcesBuildPhase section */
		53E7155128DC6B2B001921D5 /* Sources */ = {
			isa = PBXSourcesBuildPhase;
			buildActionMask = 2147483647;
			files = (
				5316BB8E299B5B4B00D666BB /* AILogic.swift in Sources */,
				532CCFE8299D5CBD001C827B /* StartPage.swift in Sources */,
				53B5CCA928E5B43F006A4D5E /* Utilities.swift in Sources */,
				535B3DBC2992818300FF0245 /* GameLogic.swift in Sources */,
				53E7155D28DC6B2B001921D5 /* ViewController.swift in Sources */,
				53E7155928DC6B2B001921D5 /* AppDelegate.swift in Sources */,
				53E7155B28DC6B2B001921D5 /* SceneDelegate.swift in Sources */,
				53E7158928DC7AE9001921D5 /* MPCSession.swift in Sources */,
				53F71CEE28E31A3D0074DF5B /* MathUtilities.swift in Sources */,
				53D3338A28F6822500DC24B9 /* ViewController+CoachingOverlay.swift in Sources */,
				5316BB8C299AABB200D666BB /* ViewControllerB.swift in Sources */,
			);
			runOnlyForDeploymentPostprocessing = 0;
		};
		53E7156728DC6B2C001921D5 /* Sources */ = {
			isa = PBXSourcesBuildPhase;
			buildActionMask = 2147483647;
			files = (
				53E7157028DC6B2C001921D5 /* artestTests.swift in Sources */,
			);
			runOnlyForDeploymentPostprocessing = 0;
		};
		53E7157128DC6B2C001921D5 /* Sources */ = {
			isa = PBXSourcesBuildPhase;
			buildActionMask = 2147483647;
			files = (
				53B17B752982F40F00D8D14D /* ViewController.swift in Sources */,
				53E7157A28DC6B2C001921D5 /* artestUITests.swift in Sources */,
				53E7157C28DC6B2C001921D5 /* artestUITestsLaunchTests.swift in Sources */,
			);
			runOnlyForDeploymentPostprocessing = 0;
		};
/* End PBXSourcesBuildPhase section */

/* Begin PBXTargetDependency section */
		53E7156D28DC6B2C001921D5 /* PBXTargetDependency */ = {
			isa = PBXTargetDependency;
			target = 53E7155428DC6B2B001921D5 /* ARGomoku */;
			targetProxy = 53E7156C28DC6B2C001921D5 /* PBXContainerItemProxy */;
		};
		53E7157728DC6B2C001921D5 /* PBXTargetDependency */ = {
			isa = PBXTargetDependency;
			target = 53E7155428DC6B2B001921D5 /* ARGomoku */;
			targetProxy = 53E7157628DC6B2C001921D5 /* PBXContainerItemProxy */;
		};
/* End PBXTargetDependency section */

/* Begin PBXVariantGroup section */
		53E7156328DC6B2C001921D5 /* LaunchScreen.storyboard */ = {
			isa = PBXVariantGroup;
			children = (
				53E7156428DC6B2C001921D5 /* Base */,
			);
			name = LaunchScreen.storyboard;
			sourceTree = "<group>";
		};
/* End PBXVariantGroup section */

/* Begin XCBuildConfiguration section */
		53E7157D28DC6B2C001921D5 /* Debug */ = {
			isa = XCBuildConfiguration;
			buildSettings = {
				ALWAYS_SEARCH_USER_PATHS = NO;
				CLANG_ANALYZER_NONNULL = YES;
				CLANG_ANALYZER_NUMBER_OBJECT_CONVERSION = YES_AGGRESSIVE;
				CLANG_CXX_LANGUAGE_STANDARD = "gnu++20";
				CLANG_ENABLE_MODULES = YES;
				CLANG_ENABLE_OBJC_ARC = YES;
				CLANG_ENABLE_OBJC_WEAK = YES;
				CLANG_WARN_BLOCK_CAPTURE_AUTORELEASING = YES;
				CLANG_WARN_BOOL_CONVERSION = YES;
				CLANG_WARN_COMMA = YES;
				CLANG_WARN_CONSTANT_CONVERSION = YES;
				CLANG_WARN_DEPRECATED_OBJC_IMPLEMENTATIONS = YES;
				CLANG_WARN_DIRECT_OBJC_ISA_USAGE = YES_ERROR;
				CLANG_WARN_DOCUMENTATION_COMMENTS = YES;
				CLANG_WARN_EMPTY_BODY = YES;
				CLANG_WARN_ENUM_CONVERSION = YES;
				CLANG_WARN_INFINITE_RECURSION = YES;
				CLANG_WARN_INT_CONVERSION = YES;
				CLANG_WARN_NON_LITERAL_NULL_CONVERSION = YES;
				CLANG_WARN_OBJC_IMPLICIT_RETAIN_SELF = YES;
				CLANG_WARN_OBJC_LITERAL_CONVERSION = YES;
				CLANG_WARN_OBJC_ROOT_CLASS = YES_ERROR;
				CLANG_WARN_QUOTED_INCLUDE_IN_FRAMEWORK_HEADER = YES;
				CLANG_WARN_RANGE_LOOP_ANALYSIS = YES;
				CLANG_WARN_STRICT_PROTOTYPES = YES;
				CLANG_WARN_SUSPICIOUS_MOVE = YES;
				CLANG_WARN_UNGUARDED_AVAILABILITY = YES_AGGRESSIVE;
				CLANG_WARN_UNREACHABLE_CODE = YES;
				CLANG_WARN__DUPLICATE_METHOD_MATCH = YES;
				COPY_PHASE_STRIP = NO;
				DEBUG_INFORMATION_FORMAT = dwarf;
				ENABLE_STRICT_OBJC_MSGSEND = YES;
				ENABLE_TESTABILITY = YES;
				GCC_C_LANGUAGE_STANDARD = gnu11;
				GCC_DYNAMIC_NO_PIC = NO;
				GCC_NO_COMMON_BLOCKS = YES;
				GCC_OPTIMIZATION_LEVEL = 0;
				GCC_PREPROCESSOR_DEFINITIONS = (
					"DEBUG=1",
					"$(inherited)",
				);
				GCC_WARN_64_TO_32_BIT_CONVERSION = YES;
				GCC_WARN_ABOUT_RETURN_TYPE = YES_ERROR;
				GCC_WARN_UNDECLARED_SELECTOR = YES;
				GCC_WARN_UNINITIALIZED_AUTOS = YES_AGGRESSIVE;
				GCC_WARN_UNUSED_FUNCTION = YES;
				GCC_WARN_UNUSED_VARIABLE = YES;
				IPHONEOS_DEPLOYMENT_TARGET = 16.0;
				MTL_ENABLE_DEBUG_INFO = INCLUDE_SOURCE;
				MTL_FAST_MATH = YES;
				ONLY_ACTIVE_ARCH = YES;
				SDKROOT = iphoneos;
				SWIFT_ACTIVE_COMPILATION_CONDITIONS = DEBUG;
				SWIFT_OPTIMIZATION_LEVEL = "-Onone";
			};
			name = Debug;
		};
		53E7157E28DC6B2C001921D5 /* Release */ = {
			isa = XCBuildConfiguration;
			buildSettings = {
				ALWAYS_SEARCH_USER_PATHS = NO;
				CLANG_ANALYZER_NONNULL = YES;
				CLANG_ANALYZER_NUMBER_OBJECT_CONVERSION = YES_AGGRESSIVE;
				CLANG_CXX_LANGUAGE_STANDARD = "gnu++20";
				CLANG_ENABLE_MODULES = YES;
				CLANG_ENABLE_OBJC_ARC = YES;
				CLANG_ENABLE_OBJC_WEAK = YES;
				CLANG_WARN_BLOCK_CAPTURE_AUTORELEASING = YES;
				CLANG_WARN_BOOL_CONVERSION = YES;
				CLANG_WARN_COMMA = YES;
				CLANG_WARN_CONSTANT_CONVERSION = YES;
				CLANG_WARN_DEPRECATED_OBJC_IMPLEMENTATIONS = YES;
				CLANG_WARN_DIRECT_OBJC_ISA_USAGE = YES_ERROR;
				CLANG_WARN_DOCUMENTATION_COMMENTS = YES;
				CLANG_WARN_EMPTY_BODY = YES;
				CLANG_WARN_ENUM_CONVERSION = YES;
				CLANG_WARN_INFINITE_RECURSION = YES;
				CLANG_WARN_INT_CONVERSION = YES;
				CLANG_WARN_NON_LITERAL_NULL_CONVERSION = YES;
				CLANG_WARN_OBJC_IMPLICIT_RETAIN_SELF = YES;
				CLANG_WARN_OBJC_LITERAL_CONVERSION = YES;
				CLANG_WARN_OBJC_ROOT_CLASS = YES_ERROR;
				CLANG_WARN_QUOTED_INCLUDE_IN_FRAMEWORK_HEADER = YES;
				CLANG_WARN_RANGE_LOOP_ANALYSIS = YES;
				CLANG_WARN_STRICT_PROTOTYPES = YES;
				CLANG_WARN_SUSPICIOUS_MOVE = YES;
				CLANG_WARN_UNGUARDED_AVAILABILITY = YES_AGGRESSIVE;
				CLANG_WARN_UNREACHABLE_CODE = YES;
				CLANG_WARN__DUPLICATE_METHOD_MATCH = YES;
				COPY_PHASE_STRIP = NO;
				DEBUG_INFORMATION_FORMAT = "dwarf-with-dsym";
				ENABLE_NS_ASSERTIONS = NO;
				ENABLE_STRICT_OBJC_MSGSEND = YES;
				GCC_C_LANGUAGE_STANDARD = gnu11;
				GCC_NO_COMMON_BLOCKS = YES;
				GCC_WARN_64_TO_32_BIT_CONVERSION = YES;
				GCC_WARN_ABOUT_RETURN_TYPE = YES_ERROR;
				GCC_WARN_UNDECLARED_SELECTOR = YES;
				GCC_WARN_UNINITIALIZED_AUTOS = YES_AGGRESSIVE;
				GCC_WARN_UNUSED_FUNCTION = YES;
				GCC_WARN_UNUSED_VARIABLE = YES;
				IPHONEOS_DEPLOYMENT_TARGET = 16.0;
				MTL_ENABLE_DEBUG_INFO = NO;
				MTL_FAST_MATH = YES;
				SDKROOT = iphoneos;
				SWIFT_COMPILATION_MODE = wholemodule;
				SWIFT_OPTIMIZATION_LEVEL = "-O";
				VALIDATE_PRODUCT = YES;
			};
			name = Release;
		};
		53E7158028DC6B2C001921D5 /* Debug */ = {
			isa = XCBuildConfiguration;
			buildSettings = {
				ASSETCATALOG_COMPILER_APPICON_NAME = AppIcon;
				ASSETCATALOG_COMPILER_GLOBAL_ACCENT_COLOR_NAME = AccentColor;
				ASSETCATALOG_COMPILER_INCLUDE_ALL_APPICON_ASSETS = YES;
				CLANG_ENABLE_MODULES = YES;
				CODE_SIGN_STYLE = Automatic;
				CURRENT_PROJECT_VERSION = 1;
				DEVELOPMENT_TEAM = Q6MAB65JYN;
				FRAMEWORK_SEARCH_PATHS = (
					"$(inherited)",
					"$(PROJECT_DIR)",
				);
				GENERATE_INFOPLIST_FILE = YES;
				INFOPLIST_FILE = artest/Info.plist;
				INFOPLIST_KEY_CFBundleDisplayName = ARGomoku;
				INFOPLIST_KEY_LSApplicationCategoryType = "public.app-category.board-games";
				INFOPLIST_KEY_NSCameraUsageDescription = "This app needs camera usage";
				INFOPLIST_KEY_NSLocalNetworkUsageDescription = "This app needs local network usage";
				INFOPLIST_KEY_NSLocationAlwaysAndWhenInUseUsageDescription = "Please choose";
				INFOPLIST_KEY_NSLocationUsageDescription = "This app needs location usage ";
				INFOPLIST_KEY_NSNearbyInteractionUsageDescription = "This app needs nearby interaction usage";
				INFOPLIST_KEY_NSPhotoLibraryAddUsageDescription = "This app needs photo library access.";
				INFOPLIST_KEY_UIApplicationSupportsIndirectInputEvents = YES;
				INFOPLIST_KEY_UILaunchStoryboardName = LaunchScreen.storyboard;
				INFOPLIST_KEY_UIMainStoryboardFile = Main;
				INFOPLIST_KEY_UIRequiredDeviceCapabilities = "arkit armv7 metal";
				INFOPLIST_KEY_UISupportedInterfaceOrientations_iPad = "UIInterfaceOrientationPortrait UIInterfaceOrientationPortraitUpsideDown UIInterfaceOrientationLandscapeLeft UIInterfaceOrientationLandscapeRight";
				INFOPLIST_KEY_UISupportedInterfaceOrientations_iPhone = "UIInterfaceOrientationPortrait UIInterfaceOrientationLandscapeLeft UIInterfaceOrientationLandscapeRight";
				IPHONEOS_DEPLOYMENT_TARGET = 16.0;
				LD_RUNPATH_SEARCH_PATHS = (
					"$(inherited)",
					"@executable_path/Frameworks",
				);
				MARKETING_VERSION = 0.1;
				PRODUCT_BUNDLE_IDENTIFIER = zhangyuyang821.artest;
				PRODUCT_NAME = "$(TARGET_NAME)";
				SWIFT_EMIT_LOC_STRINGS = YES;
				SWIFT_OPTIMIZATION_LEVEL = "-Onone";
				SWIFT_VERSION = 5.0;
				TARGETED_DEVICE_FAMILY = "1,2";
			};
			name = Debug;
		};
		53E7158128DC6B2C001921D5 /* Release */ = {
			isa = XCBuildConfiguration;
			buildSettings = {
				ASSETCATALOG_COMPILER_APPICON_NAME = AppIcon;
				ASSETCATALOG_COMPILER_GLOBAL_ACCENT_COLOR_NAME = AccentColor;
				ASSETCATALOG_COMPILER_INCLUDE_ALL_APPICON_ASSETS = YES;
				CLANG_ENABLE_MODULES = YES;
				CODE_SIGN_STYLE = Automatic;
				CURRENT_PROJECT_VERSION = 1;
				DEVELOPMENT_TEAM = Q6MAB65JYN;
				FRAMEWORK_SEARCH_PATHS = (
					"$(inherited)",
					"$(PROJECT_DIR)",
				);
				GENERATE_INFOPLIST_FILE = YES;
				INFOPLIST_FILE = artest/Info.plist;
				INFOPLIST_KEY_CFBundleDisplayName = ARGomoku;
				INFOPLIST_KEY_LSApplicationCategoryType = "public.app-category.board-games";
				INFOPLIST_KEY_NSCameraUsageDescription = "This app needs camera usage";
				INFOPLIST_KEY_NSLocalNetworkUsageDescription = "This app needs local network usage";
				INFOPLIST_KEY_NSLocationAlwaysAndWhenInUseUsageDescription = "Please choose";
				INFOPLIST_KEY_NSLocationUsageDescription = "This app needs location usage ";
				INFOPLIST_KEY_NSNearbyInteractionUsageDescription = "This app needs nearby interaction usage";
				INFOPLIST_KEY_NSPhotoLibraryAddUsageDescription = "This app needs photo library access.";
				INFOPLIST_KEY_UIApplicationSupportsIndirectInputEvents = YES;
				INFOPLIST_KEY_UILaunchStoryboardName = LaunchScreen.storyboard;
				INFOPLIST_KEY_UIMainStoryboardFile = Main;
				INFOPLIST_KEY_UIRequiredDeviceCapabilities = "arkit armv7 metal";
				INFOPLIST_KEY_UISupportedInterfaceOrientations_iPad = "UIInterfaceOrientationPortrait UIInterfaceOrientationPortraitUpsideDown UIInterfaceOrientationLandscapeLeft UIInterfaceOrientationLandscapeRight";
				INFOPLIST_KEY_UISupportedInterfaceOrientations_iPhone = "UIInterfaceOrientationPortrait UIInterfaceOrientationLandscapeLeft UIInterfaceOrientationLandscapeRight";
				IPHONEOS_DEPLOYMENT_TARGET = 16.0;
				LD_RUNPATH_SEARCH_PATHS = (
					"$(inherited)",
					"@executable_path/Frameworks",
				);
				MARKETING_VERSION = 0.1;
				PRODUCT_BUNDLE_IDENTIFIER = zhangyuyang821.artest;
				PRODUCT_NAME = "$(TARGET_NAME)";
				SWIFT_EMIT_LOC_STRINGS = YES;
				SWIFT_VERSION = 5.0;
				TARGETED_DEVICE_FAMILY = "1,2";
			};
			name = Release;
		};
		53E7158328DC6B2C001921D5 /* Debug */ = {
			isa = XCBuildConfiguration;
			buildSettings = {
				ALWAYS_EMBED_SWIFT_STANDARD_LIBRARIES = YES;
				BUNDLE_LOADER = "$(TEST_HOST)";
				CODE_SIGN_STYLE = Automatic;
				CURRENT_PROJECT_VERSION = 1;
				DEVELOPMENT_TEAM = Q6MAB65JYN;
				GENERATE_INFOPLIST_FILE = YES;
				IPHONEOS_DEPLOYMENT_TARGET = 16.0;
				MARKETING_VERSION = 1.0;
				PRODUCT_BUNDLE_IDENTIFIER = "zhangyuyang821-163.com.artestTests";
				PRODUCT_NAME = "$(TARGET_NAME)";
				SWIFT_EMIT_LOC_STRINGS = NO;
				SWIFT_VERSION = 5.0;
				TARGETED_DEVICE_FAMILY = "1,2";
				TEST_HOST = "$(BUILT_PRODUCTS_DIR)/ARGomoku.app/$(BUNDLE_EXECUTABLE_FOLDER_PATH)/ARGomoku";
			};
			name = Debug;
		};
		53E7158428DC6B2C001921D5 /* Release */ = {
			isa = XCBuildConfiguration;
			buildSettings = {
				ALWAYS_EMBED_SWIFT_STANDARD_LIBRARIES = YES;
				BUNDLE_LOADER = "$(TEST_HOST)";
				CODE_SIGN_STYLE = Automatic;
				CURRENT_PROJECT_VERSION = 1;
				DEVELOPMENT_TEAM = Q6MAB65JYN;
				GENERATE_INFOPLIST_FILE = YES;
				IPHONEOS_DEPLOYMENT_TARGET = 16.0;
				MARKETING_VERSION = 1.0;
				PRODUCT_BUNDLE_IDENTIFIER = "zhangyuyang821-163.com.artestTests";
				PRODUCT_NAME = "$(TARGET_NAME)";
				SWIFT_EMIT_LOC_STRINGS = NO;
				SWIFT_VERSION = 5.0;
				TARGETED_DEVICE_FAMILY = "1,2";
				TEST_HOST = "$(BUILT_PRODUCTS_DIR)/ARGomoku.app/$(BUNDLE_EXECUTABLE_FOLDER_PATH)/ARGomoku";
			};
			name = Release;
		};
		53E7158628DC6B2C001921D5 /* Debug */ = {
			isa = XCBuildConfiguration;
			buildSettings = {
				ALWAYS_EMBED_SWIFT_STANDARD_LIBRARIES = YES;
				CODE_SIGN_STYLE = Automatic;
				CURRENT_PROJECT_VERSION = 1;
				DEVELOPMENT_TEAM = Q6MAB65JYN;
				GENERATE_INFOPLIST_FILE = YES;
				MARKETING_VERSION = 1.0;
				PRODUCT_BUNDLE_IDENTIFIER = "zhangyuyang821-163.com.artestUITests";
				PRODUCT_NAME = "$(TARGET_NAME)";
				SWIFT_EMIT_LOC_STRINGS = NO;
				SWIFT_VERSION = 5.0;
				TARGETED_DEVICE_FAMILY = "1,2";
				TEST_TARGET_NAME = artest;
			};
			name = Debug;
		};
		53E7158728DC6B2C001921D5 /* Release */ = {
			isa = XCBuildConfiguration;
			buildSettings = {
				ALWAYS_EMBED_SWIFT_STANDARD_LIBRARIES = YES;
				CODE_SIGN_STYLE = Automatic;
				CURRENT_PROJECT_VERSION = 1;
				DEVELOPMENT_TEAM = Q6MAB65JYN;
				GENERATE_INFOPLIST_FILE = YES;
				MARKETING_VERSION = 1.0;
				PRODUCT_BUNDLE_IDENTIFIER = "zhangyuyang821-163.com.artestUITests";
				PRODUCT_NAME = "$(TARGET_NAME)";
				SWIFT_EMIT_LOC_STRINGS = NO;
				SWIFT_VERSION = 5.0;
				TARGETED_DEVICE_FAMILY = "1,2";
				TEST_TARGET_NAME = artest;
			};
			name = Release;
		};
/* End XCBuildConfiguration section */

/* Begin XCConfigurationList section */
		53E7155028DC6B2B001921D5 /* Build configuration list for PBXProject "ARGomoku" */ = {
			isa = XCConfigurationList;
			buildConfigurations = (
				53E7157D28DC6B2C001921D5 /* Debug */,
				53E7157E28DC6B2C001921D5 /* Release */,
			);
			defaultConfigurationIsVisible = 0;
			defaultConfigurationName = Release;
		};
		53E7157F28DC6B2C001921D5 /* Build configuration list for PBXNativeTarget "ARGomoku" */ = {
			isa = XCConfigurationList;
			buildConfigurations = (
				53E7158028DC6B2C001921D5 /* Debug */,
				53E7158128DC6B2C001921D5 /* Release */,
			);
			defaultConfigurationIsVisible = 0;
			defaultConfigurationName = Release;
		};
		53E7158228DC6B2C001921D5 /* Build configuration list for PBXNativeTarget "ARGomokuTests" */ = {
			isa = XCConfigurationList;
			buildConfigurations = (
				53E7158328DC6B2C001921D5 /* Debug */,
				53E7158428DC6B2C001921D5 /* Release */,
			);
			defaultConfigurationIsVisible = 0;
			defaultConfigurationName = Release;
		};
		53E7158528DC6B2C001921D5 /* Build configuration list for PBXNativeTarget "ARGomokuUITests" */ = {
			isa = XCConfigurationList;
			buildConfigurations = (
				53E7158628DC6B2C001921D5 /* Debug */,
				53E7158728DC6B2C001921D5 /* Release */,
			);
			defaultConfigurationIsVisible = 0;
			defaultConfigurationName = Release;
		};
/* End XCConfigurationList section */
	};
	rootObject = 53E7154D28DC6B2B001921D5 /* Project object */;
}
